github.com/gorilla/mux v1.8.0 h1:i40aqfkR1h2SlN9hojwV5ZA91wcXFOvkdNIeFDP5koI=
github.com/gorilla/mux v1.8.0/go.mod h1:DVbg23sWSpFRCP0SfiEN6jmj59UnW/n46BH5rLB71So=
gopkg.in/natefinch/lumberjack.v2 v2.0.0 h1:1Lc07Kr7qY4U2YPouBjpCLxpiyxIVoxqXgkXLknAOE8=
gopkg.in/natefinch/lumberjack.v2 v2.0.0/go.mod h1:l0ndWWf7gzL7RNwBG7wST/UCcT4T24xpD6X8LsfU/+k=
